{
  "name": "resource_monitor",
  "version": "1.0.0",
  "lockfileVersion": 1,
  "requires": true,
  "dependencies": {
    "moment": {
      "version": "2.29.1",
      "resolved": "https://registry.npmjs.org/moment/-/moment-2.29.1.tgz",
      "integrity": "sha512-kHmoybcPV8Sqy59DwNDY3Jefr64lK/by/da0ViFcuA4DH0vQg5Q6Ze5VimxkfQNSC+Mls/Kx53s7TjP1RhFEDQ=="
    },
    "systeminformation": {
      "version": "4.34.2",
      "resolved": "https://registry.npmjs.org/systeminformation/-/systeminformation-4.34.2.tgz",
      "integrity": "sha512-1LynQMla38gIjzyupKBnBLIo4B0TQf3vdhs2bjKPtN02EymuSWpoAM1KX/6+gtFLVmn91MfllE3wSVGQcVTHDw=="
    },
    "ws": {
      "version": "7.4.2",
      "resolved": "https://registry.npmjs.org/ws/-/ws-7.4.2.tgz",
      "integrity": "sha512-T4tewALS3+qsrpGI/8dqNMLIVdq/g/85U98HPMa6F0m6xTbvhXU6RCQLqPH3+SlomNV/LdY6RXEbBpMH6EOJnA=="
    }
  }
}
